<Solution>
  <Project Path="../shared/GyrMonitor.Client.Core/GyrMonitor.Client.Core.csproj" />
  <Project Path="../shared/GyrMonitor.Client.Core.Tests/GyrMonitor.Client.Core.Tests.csproj" />
  <Project Path="GyrMonitor.Mobile.Core.Tests/GyrMonitor.Mobile.Core.Tests.csproj" />
  <Project Path="GyrMonitor.Mobile.Core/GyrMonitor.Mobile.Core.csproj" />
  <Project Path="GyrMonitor.Mobile/GyrMonitor.Mobile.csproj" />
</Solution>
